
Microsoft Visual Studio Solution File, Format Version 12.00
# Visual Studio Version 17
VisualStudioVersion = 17.9.34902.65
MinimumVisualStudioVersion = 10.0.40219.1
Project("{FAE04EC0-301F-11D3-BF4B-00C04F79EFBC}") = "Lab_9_GitHub", "Lab_9_GitHub\Lab_9_GitHub.csproj", "{9FDCC85D-7336-45DE-8128-075A12C27638}"
EndProject
Global
	GlobalSection(SolutionConfigurationPlatforms) = preSolution
		Debug|Any CPU = Debug|Any CPU
		Release|Any CPU = Release|Any CPU
	EndGlobalSection
	GlobalSection(ProjectConfigurationPlatforms) = postSolution
		{9FDCC85D-7336-45DE-8128-075A12C27638}.Debug|Any CPU.ActiveCfg = Debug|Any CPU
		{9FDCC85D-7336-45DE-8128-075A12C27638}.Debug|Any CPU.Build.0 = Debug|Any CPU
		{9FDCC85D-7336-45DE-8128-075A12C27638}.Release|Any CPU.ActiveCfg = Release|Any CPU
		{9FDCC85D-7336-45DE-8128-075A12C27638}.Release|Any CPU.Build.0 = Release|Any CPU
	EndGlobalSection
	GlobalSection(SolutionProperties) = preSolution
		HideSolutionNode = FALSE
	EndGlobalSection
	GlobalSection(ExtensibilityGlobals) = postSolution
		SolutionGuid = {AE0CF90F-D5FE-4910-A860-6645B325C919}
	EndGlobalSection
EndGlobal
